// !$*UTF8*$!
{
	archiveVersion = 1;
	classes = {
	};
	objectVersion = 46;
	objects = {

/* Begin PBXBuildFile section */
		63ED901B145F2C61009FD1BF /* UIKit.framework in Frameworks */ = {isa = PBXBuildFile; fileRef = 63ED901A145F2C61009FD1BF /* UIKit.framework */; };
		63ED901D145F2C61009FD1BF /* Foundation.framework in Frameworks */ = {isa = PBXBuildFile; fileRef = 63ED901C145F2C61009FD1BF /* Foundation.framework */; };
		63ED901F145F2C61009FD1BF /* CoreGraphics.framework in Frameworks */ = {isa = PBXBuildFile; fileRef = 63ED901E145F2C61009FD1BF /* CoreGraphics.framework */; };
		63ED9021145F2C61009FD1BF /* CoreData.framework in Frameworks */ = {isa = PBXBuildFile; fileRef = 63ED9020145F2C61009FD1BF /* CoreData.framework */; };
		63ED9027145F2C61009FD1BF /* InfoPlist.strings in Resources */ = {isa = PBXBuildFile; fileRef = 63ED9025145F2C61009FD1BF /* InfoPlist.strings */; };
		63ED9029145F2C61009FD1BF /* main.m in Sources */ = {isa = PBXBuildFile; fileRef = 63ED9028145F2C61009FD1BF /* main.m */; };
		63ED902D145F2C61009FD1BF /* DSAppDelegate.m in Sources */ = {isa = PBXBuildFile; fileRef = 63ED902C145F2C61009FD1BF /* DSAppDelegate.m */; };
		63ED9030145F2C62009FD1BF /* MainStoryboard.storyboard in Resources */ = {isa = PBXBuildFile; fileRef = 63ED902E145F2C62009FD1BF /* MainStoryboard.storyboard */; };
		63ED9033145F2C62009FD1BF /* PushTest.xcdatamodeld in Sources */ = {isa = PBXBuildFile; fileRef = 63ED9031145F2C62009FD1BF /* PushTest.xcdatamodeld */; };
		63ED9036145F2C62009FD1BF /* HistoryViewController.m in Sources */ = {isa = PBXBuildFile; fileRef = 63ED9035145F2C62009FD1BF /* HistoryViewController.m */; };
		63ED9041145F2C62009FD1BF /* SenTestingKit.framework in Frameworks */ = {isa = PBXBuildFile; fileRef = 63ED9040145F2C62009FD1BF /* SenTestingKit.framework */; };
		63ED9042145F2C62009FD1BF /* UIKit.framework in Frameworks */ = {isa = PBXBuildFile; fileRef = 63ED901A145F2C61009FD1BF /* UIKit.framework */; };
		63ED9043145F2C62009FD1BF /* Foundation.framework in Frameworks */ = {isa = PBXBuildFile; fileRef = 63ED901C145F2C61009FD1BF /* Foundation.framework */; };
		63ED9044145F2C62009FD1BF /* CoreData.framework in Frameworks */ = {isa = PBXBuildFile; fileRef = 63ED9020145F2C61009FD1BF /* CoreData.framework */; };
		63ED904C145F2C62009FD1BF /* InfoPlist.strings in Resources */ = {isa = PBXBuildFile; fileRef = 63ED904A145F2C62009FD1BF /* InfoPlist.strings */; };
		63ED904F145F2C62009FD1BF /* PushTestTests.m in Sources */ = {isa = PBXBuildFile; fileRef = 63ED904E145F2C62009FD1BF /* PushTestTests.m */; };
		63ED905E145F7A56009FD1BF /* Link.m in Sources */ = {isa = PBXBuildFile; fileRef = 63ED905D145F7A56009FD1BF /* Link.m */; };
		63ED906114637C2B009FD1BF /* HomeViewController.m in Sources */ = {isa = PBXBuildFile; fileRef = 63ED906014637C2A009FD1BF /* HomeViewController.m */; };
/* End PBXBuildFile section */

/* Begin PBXContainerItemProxy section */
		63ED9045145F2C62009FD1BF /* PBXContainerItemProxy */ = {
			isa = PBXContainerItemProxy;
			containerPortal = 63ED900D145F2C61009FD1BF /* Project object */;
			proxyType = 1;
			remoteGlobalIDString = 63ED9015145F2C61009FD1BF;
			remoteInfo = PushTest;
		};
/* End PBXContainerItemProxy section */

/* Begin PBXFileReference section */
		63ED9016145F2C61009FD1BF /* PushTest.app */ = {isa = PBXFileReference; explicitFileType = wrapper.application; includeInIndex = 0; path = PushTest.app; sourceTree = BUILT_PRODUCTS_DIR; };
		63ED901A145F2C61009FD1BF /* UIKit.framework */ = {isa = PBXFileReference; lastKnownFileType = wrapper.framework; name = UIKit.framework; path = System/Library/Frameworks/UIKit.framework; sourceTree = SDKROOT; };
		63ED901C145F2C61009FD1BF /* Foundation.framework */ = {isa = PBXFileReference; lastKnownFileType = wrapper.framework; name = Foundation.framework; path = System/Library/Frameworks/Foundation.framework; sourceTree = SDKROOT; };
		63ED901E145F2C61009FD1BF /* CoreGraphics.framework */ = {isa = PBXFileReference; lastKnownFileType = wrapper.framework; name = CoreGraphics.framework; path = System/Library/Frameworks/CoreGraphics.framework; sourceTree = SDKROOT; };
		63ED9020145F2C61009FD1BF /* CoreData.framework */ = {isa = PBXFileReference; lastKnownFileType = wrapper.framework; name = CoreData.framework; path = System/Library/Frameworks/CoreData.framework; sourceTree = SDKROOT; };
		63ED9024145F2C61009FD1BF /* PushTest-Info.plist */ = {isa = PBXFileReference; lastKnownFileType = text.plist.xml; path = "PushTest-Info.plist"; sourceTree = "<group>"; };
		63ED9026145F2C61009FD1BF /* en */ = {isa = PBXFileReference; lastKnownFileType = text.plist.strings; name = en; path = en.lproj/InfoPlist.strings; sourceTree = "<group>"; };
		63ED9028145F2C61009FD1BF /* main.m */ = {isa = PBXFileReference; lastKnownFileType = sourcecode.c.objc; path = main.m; sourceTree = "<group>"; };
		63ED902A145F2C61009FD1BF /* PushTest-Prefix.pch */ = {isa = PBXFileReference; lastKnownFileType = sourcecode.c.h; path = "PushTest-Prefix.pch"; sourceTree = "<group>"; };
		63ED902B145F2C61009FD1BF /* DSAppDelegate.h */ = {isa = PBXFileReference; lastKnownFileType = sourcecode.c.h; path = DSAppDelegate.h; sourceTree = "<group>"; };
		63ED902C145F2C61009FD1BF /* DSAppDelegate.m */ = {isa = PBXFileReference; lastKnownFileType = sourcecode.c.objc; path = DSAppDelegate.m; sourceTree = "<group>"; };
		63ED902F145F2C62009FD1BF /* en */ = {isa = PBXFileReference; lastKnownFileType = file.storyboard; name = en; path = en.lproj/MainStoryboard.storyboard; sourceTree = "<group>"; };
		63ED9032145F2C62009FD1BF /* PushTest.xcdatamodel */ = {isa = PBXFileReference; lastKnownFileType = wrapper.xcdatamodel; path = PushTest.xcdatamodel; sourceTree = "<group>"; };
		63ED9034145F2C62009FD1BF /* HistoryViewController.h */ = {isa = PBXFileReference; lastKnownFileType = sourcecode.c.h; path = HistoryViewController.h; sourceTree = "<group>"; };
		63ED9035145F2C62009FD1BF /* HistoryViewController.m */ = {isa = PBXFileReference; lastKnownFileType = sourcecode.c.objc; path = HistoryViewController.m; sourceTree = "<group>"; };
		63ED903F145F2C62009FD1BF /* PushTestTests.octest */ = {isa = PBXFileReference; explicitFileType = wrapper.cfbundle; includeInIndex = 0; path = PushTestTests.octest; sourceTree = BUILT_PRODUCTS_DIR; };
		63ED9040145F2C62009FD1BF /* SenTestingKit.framework */ = {isa = PBXFileReference; lastKnownFileType = wrapper.framework; name = SenTestingKit.framework; path = Library/Frameworks/SenTestingKit.framework; sourceTree = DEVELOPER_DIR; };
		63ED9049145F2C62009FD1BF /* PushTestTests-Info.plist */ = {isa = PBXFileReference; lastKnownFileType = text.plist.xml; path = "PushTestTests-Info.plist"; sourceTree = "<group>"; };
		63ED904B145F2C62009FD1BF /* en */ = {isa = PBXFileReference; lastKnownFileType = text.plist.strings; name = en; path = en.lproj/InfoPlist.strings; sourceTree = "<group>"; };
		63ED904D145F2C62009FD1BF /* PushTestTests.h */ = {isa = PBXFileReference; lastKnownFileType = sourcecode.c.h; path = PushTestTests.h; sourceTree = "<group>"; };
		63ED904E145F2C62009FD1BF /* PushTestTests.m */ = {isa = PBXFileReference; lastKnownFileType = sourcecode.c.objc; path = PushTestTests.m; sourceTree = "<group>"; };
		63ED905C145F7A56009FD1BF /* Link.h */ = {isa = PBXFileReference; fileEncoding = 4; lastKnownFileType = sourcecode.c.h; path = Link.h; sourceTree = "<group>"; };
		63ED905D145F7A56009FD1BF /* Link.m */ = {isa = PBXFileReference; fileEncoding = 4; lastKnownFileType = sourcecode.c.objc; path = Link.m; sourceTree = "<group>"; };
		63ED905F14637C2A009FD1BF /* HomeViewController.h */ = {isa = PBXFileReference; fileEncoding = 4; lastKnownFileType = sourcecode.c.h; path = HomeViewController.h; sourceTree = "<group>"; };
		63ED906014637C2A009FD1BF /* HomeViewController.m */ = {isa = PBXFileReference; fileEncoding = 4; lastKnownFileType = sourcecode.c.objc; path = HomeViewController.m; sourceTree = "<group>"; };
/* End PBXFileReference section */

/* Begin PBXFrameworksBuildPhase section */
		63ED9013145F2C61009FD1BF /* Frameworks */ = {
			isa = PBXFrameworksBuildPhase;
			buildActionMask = 2147483647;
			files = (
				63ED901B145F2C61009FD1BF /* UIKit.framework in Frameworks */,
				63ED901D145F2C61009FD1BF /* Foundation.framework in Frameworks */,
				63ED901F145F2C61009FD1BF /* CoreGraphics.framework in Frameworks */,
				63ED9021145F2C61009FD1BF /* CoreData.framework in Frameworks */,
			);
			runOnlyForDeploymentPostprocessing = 0;
		};
		63ED903B145F2C62009FD1BF /* Frameworks */ = {
			isa = PBXFrameworksBuildPhase;
			buildActionMask = 2147483647;
			files = (
				63ED9041145F2C62009FD1BF /* SenTestingKit.framework in Frameworks */,
				63ED9042145F2C62009FD1BF /* UIKit.framework in Frameworks */,
				63ED9043145F2C62009FD1BF /* Foundation.framework in Frameworks */,
				63ED9044145F2C62009FD1BF /* CoreData.framework in Frameworks */,
			);
			runOnlyForDeploymentPostprocessing = 0;
		};
/* End PBXFrameworksBuildPhase section */

/* Begin PBXGroup section */
		63ED900B145F2C61009FD1BF = {
			isa = PBXGroup;
			children = (
				63ED9022145F2C61009FD1BF /* PushTest */,
				63ED9047145F2C62009FD1BF /* PushTestTests */,
				63ED9019145F2C61009FD1BF /* Frameworks */,
				63ED9017145F2C61009FD1BF /* Products */,
			);
			sourceTree = "<group>";
		};
		63ED9017145F2C61009FD1BF /* Products */ = {
			isa = PBXGroup;
			children = (
				63ED9016145F2C61009FD1BF /* PushTest.app */,
				63ED903F145F2C62009FD1BF /* PushTestTests.octest */,
			);
			name = Products;
			sourceTree = "<group>";
		};
		63ED9019145F2C61009FD1BF /* Frameworks */ = {
			isa = PBXGroup;
			children = (
				63ED901A145F2C61009FD1BF /* UIKit.framework */,
				63ED901C145F2C61009FD1BF /* Foundation.framework */,
				63ED901E145F2C61009FD1BF /* CoreGraphics.framework */,
				63ED9020145F2C61009FD1BF /* CoreData.framework */,
				63ED9040145F2C62009FD1BF /* SenTestingKit.framework */,
			);
			name = Frameworks;
			sourceTree = "<group>";
		};
		63ED9022145F2C61009FD1BF /* PushTest */ = {
			isa = PBXGroup;
			children = (
				63ED902B145F2C61009FD1BF /* DSAppDelegate.h */,
				63ED902C145F2C61009FD1BF /* DSAppDelegate.m */,
				63ED902E145F2C62009FD1BF /* MainStoryboard.storyboard */,
				63ED905F14637C2A009FD1BF /* HomeViewController.h */,
				63ED906014637C2A009FD1BF /* HomeViewController.m */,
				63ED9034145F2C62009FD1BF /* HistoryViewController.h */,
				63ED9035145F2C62009FD1BF /* HistoryViewController.m */,
				63ED9031145F2C62009FD1BF /* PushTest.xcdatamodeld */,
				63ED905C145F7A56009FD1BF /* Link.h */,
				63ED905D145F7A56009FD1BF /* Link.m */,
				63ED9023145F2C61009FD1BF /* Supporting Files */,
			);
			path = PushTest;
			sourceTree = "<group>";
		};
		63ED9023145F2C61009FD1BF /* Supporting Files */ = {
			isa = PBXGroup;
			children = (
				63ED9024145F2C61009FD1BF /* PushTest-Info.plist */,
				63ED9025145F2C61009FD1BF /* InfoPlist.strings */,
				63ED9028145F2C61009FD1BF /* main.m */,
				63ED902A145F2C61009FD1BF /* PushTest-Prefix.pch */,
			);
			name = "Supporting Files";
			sourceTree = "<group>";
		};
		63ED9047145F2C62009FD1BF /* PushTestTests */ = {
			isa = PBXGroup;
			children = (
				63ED904D145F2C62009FD1BF /* PushTestTests.h */,
				63ED904E145F2C62009FD1BF /* PushTestTests.m */,
				63ED9048145F2C62009FD1BF /* Supporting Files */,
			);
			path = PushTestTests;
			sourceTree = "<group>";
		};
		63ED9048145F2C62009FD1BF /* Supporting Files */ = {
			isa = PBXGroup;
			children = (
				63ED9049145F2C62009FD1BF /* PushTestTests-Info.plist */,
				63ED904A145F2C62009FD1BF /* InfoPlist.strings */,
			);
			name = "Supporting Files";
			sourceTree = "<group>";
		};
/* End PBXGroup section */

/* Begin PBXNativeTarget section */
		63ED9015145F2C61009FD1BF /* PushTest */ = {
			isa = PBXNativeTarget;
			buildConfigurationList = 63ED9052145F2C62009FD1BF /* Build configuration list for PBXNativeTarget "PushTest" */;
			buildPhases = (
				63ED9012145F2C61009FD1BF /* Sources */,
				63ED9013145F2C61009FD1BF /* Frameworks */,
				63ED9014145F2C61009FD1BF /* Resources */,
			);
			buildRules = (
			);
			dependencies = (
			);
			name = PushTest;
			productName = PushTest;
			productReference = 63ED9016145F2C61009FD1BF /* PushTest.app */;
			productType = "com.apple.product-type.application";
		};
		63ED903E145F2C62009FD1BF /* PushTestTests */ = {
			isa = PBXNativeTarget;
			buildConfigurationList = 63ED9055145F2C62009FD1BF /* Build configuration list for PBXNativeTarget "PushTestTests" */;
			buildPhases = (
				63ED903A145F2C62009FD1BF /* Sources */,
				63ED903B145F2C62009FD1BF /* Frameworks */,
				63ED903C145F2C62009FD1BF /* Resources */,
				63ED903D145F2C62009FD1BF /* ShellScript */,
			);
			buildRules = (
			);
			dependencies = (
				63ED9046145F2C62009FD1BF /* PBXTargetDependency */,
			);
			name = PushTestTests;
			productName = PushTestTests;
			productReference = 63ED903F145F2C62009FD1BF /* PushTestTests.octest */;
			productType = "com.apple.product-type.bundle";
		};
/* End PBXNativeTarget section */

/* Begin PBXProject section */
		63ED900D145F2C61009FD1BF /* Project object */ = {
			isa = PBXProject;
			attributes = {
				LastUpgradeCheck = 0420;
				ORGANIZATIONNAME = "Rochester Institute of Technology";
			};
			buildConfigurationList = 63ED9010145F2C61009FD1BF /* Build configuration list for PBXProject "PushTest" */;
			compatibilityVersion = "Xcode 3.2";
			developmentRegion = English;
			hasScannedForEncodings = 0;
			knownRegions = (
				en,
			);
			mainGroup = 63ED900B145F2C61009FD1BF;
			productRefGroup = 63ED9017145F2C61009FD1BF /* Products */;
			projectDirPath = "";
			projectRoot = "";
			targets = (
				63ED9015145F2C61009FD1BF /* PushTest */,
				63ED903E145F2C62009FD1BF /* PushTestTests */,
			);
		};
/* End PBXProject section */

/* Begin PBXResourcesBuildPhase section */
		63ED9014145F2C61009FD1BF /* Resources */ = {
			isa = PBXResourcesBuildPhase;
			buildActionMask = 2147483647;
			files = (
				63ED9027145F2C61009FD1BF /* InfoPlist.strings in Resources */,
				63ED9030145F2C62009FD1BF /* MainStoryboard.storyboard in Resources */,
			);
			runOnlyForDeploymentPostprocessing = 0;
		};
		63ED903C145F2C62009FD1BF /* Resources */ = {
			isa = PBXResourcesBuildPhase;
			buildActionMask = 2147483647;
			files = (
				63ED904C145F2C62009FD1BF /* InfoPlist.strings in Resources */,
			);
			runOnlyForDeploymentPostprocessing = 0;
		};
/* End PBXResourcesBuildPhase section */

/* Begin PBXShellScriptBuildPhase section */
		63ED903D145F2C62009FD1BF /* ShellScript */ = {
			isa = PBXShellScriptBuildPhase;
			buildActionMask = 2147483647;
			files = (
			);
			inputPaths = (
			);
			outputPaths = (
			);
			runOnlyForDeploymentPostprocessing = 0;
			shellPath = /bin/sh;
			shellScript = "# Run the unit tests in this test bundle.\n\"${SYSTEM_DEVELOPER_DIR}/Tools/RunUnitTests\"\n";
		};
/* End PBXShellScriptBuildPhase section */

/* Begin PBXSourcesBuildPhase section */
		63ED9012145F2C61009FD1BF /* Sources */ = {
			isa = PBXSourcesBuildPhase;
			buildActionMask = 2147483647;
			files = (
				63ED9029145F2C61009FD1BF /* main.m in Sources */,
				63ED902D145F2C61009FD1BF /* DSAppDelegate.m in Sources */,
				63ED9033145F2C62009FD1BF /* PushTest.xcdatamodeld in Sources */,
				63ED9036145F2C62009FD1BF /* HistoryViewController.m in Sources */,
				63ED905E145F7A56009FD1BF /* Link.m in Sources */,
				63ED906114637C2B009FD1BF /* HomeViewController.m in Sources */,
			);
			runOnlyForDeploymentPostprocessing = 0;
		};
		63ED903A145F2C62009FD1BF /* Sources */ = {
			isa = PBXSourcesBuildPhase;
			buildActionMask = 2147483647;
			files = (
				63ED904F145F2C62009FD1BF /* PushTestTests.m in Sources */,
			);
			runOnlyForDeploymentPostprocessing = 0;
		};
/* End PBXSourcesBuildPhase section */

/* Begin PBXTargetDependency section */
		63ED9046145F2C62009FD1BF /* PBXTargetDependency */ = {
			isa = PBXTargetDependency;
			target = 63ED9015145F2C61009FD1BF /* PushTest */;
			targetProxy = 63ED9045145F2C62009FD1BF /* PBXContainerItemProxy */;
		};
/* End PBXTargetDependency section */

/* Begin PBXVariantGroup section */
		63ED9025145F2C61009FD1BF /* InfoPlist.strings */ = {
			isa = PBXVariantGroup;
			children = (
				63ED9026145F2C61009FD1BF /* en */,
			);
			name = InfoPlist.strings;
			sourceTree = "<group>";
		};
		63ED902E145F2C62009FD1BF /* MainStoryboard.storyboard */ = {
			isa = PBXVariantGroup;
			children = (
				63ED902F145F2C62009FD1BF /* en */,
			);
			name = MainStoryboard.storyboard;
			sourceTree = "<group>";
		};
		63ED904A145F2C62009FD1BF /* InfoPlist.strings */ = {
			isa = PBXVariantGroup;
			children = (
				63ED904B145F2C62009FD1BF /* en */,
			);
			name = InfoPlist.strings;
			sourceTree = "<group>";
		};
/* End PBXVariantGroup section */

/* Begin XCBuildConfiguration section */
		63ED9050145F2C62009FD1BF /* Debug */ = {
			isa = XCBuildConfiguration;
			buildSettings = {
				ALWAYS_SEARCH_USER_PATHS = NO;
				ARCHS = "$(ARCHS_STANDARD_32_BIT)";
				CLANG_ENABLE_OBJC_ARC = YES;
				"CODE_SIGN_IDENTITY[sdk=iphoneos*]" = "iPhone Developer";
				COPY_PHASE_STRIP = NO;
				GCC_C_LANGUAGE_STANDARD = gnu99;
				GCC_DYNAMIC_NO_PIC = NO;
				GCC_OPTIMIZATION_LEVEL = 0;
				GCC_PREPROCESSOR_DEFINITIONS = (
					"DEBUG=1",
					"$(inherited)",
				);
				GCC_SYMBOLS_PRIVATE_EXTERN = NO;
				GCC_VERSION = com.apple.compilers.llvm.clang.1_0;
				GCC_WARN_ABOUT_MISSING_PROTOTYPES = YES;
				GCC_WARN_ABOUT_RETURN_TYPE = YES;
				GCC_WARN_UNUSED_VARIABLE = YES;
				IPHONEOS_DEPLOYMENT_TARGET = 5.0;
				SDKROOT = iphoneos;
			};
			name = Debug;
		};
		63ED9051145F2C62009FD1BF /* Release */ = {
			isa = XCBuildConfiguration;
			buildSettings = {
				ALWAYS_SEARCH_USER_PATHS = NO;
				ARCHS = "$(ARCHS_STANDARD_32_BIT)";
				CLANG_ENABLE_OBJC_ARC = YES;
				"CODE_SIGN_IDENTITY[sdk=iphoneos*]" = "iPhone Developer";
				COPY_PHASE_STRIP = YES;
				GCC_C_LANGUAGE_STANDARD = gnu99;
				GCC_VERSION = com.apple.compilers.llvm.clang.1_0;
				GCC_WARN_ABOUT_MISSING_PROTOTYPES = YES;
				GCC_WARN_ABOUT_RETURN_TYPE = YES;
				GCC_WARN_UNUSED_VARIABLE = YES;
				IPHONEOS_DEPLOYMENT_TARGET = 5.0;
				OTHER_CFLAGS = "-DNS_BLOCK_ASSERTIONS=1";
				SDKROOT = iphoneos;
				VALIDATE_PRODUCT = YES;
			};
			name = Release;
		};
		63ED9053145F2C62009FD1BF /* Debug */ = {
			isa = XCBuildConfiguration;
			buildSettings = {
				GCC_PRECOMPILE_PREFIX_HEADER = YES;
				GCC_PREFIX_HEADER = "PushTest/PushTest-Prefix.pch";
				INFOPLIST_FILE = "PushTest/PushTest-Info.plist";
				PRODUCT_NAME = "$(TARGET_NAME)";
				WRAPPER_EXTENSION = app;
			};
			name = Debug;
		};
		63ED9054145F2C62009FD1BF /* Release */ = {
			isa = XCBuildConfiguration;
			buildSettings = {
				GCC_PRECOMPILE_PREFIX_HEADER = YES;
				GCC_PREFIX_HEADER = "PushTest/PushTest-Prefix.pch";
				INFOPLIST_FILE = "PushTest/PushTest-Info.plist";
				PRODUCT_NAME = "$(TARGET_NAME)";
				WRAPPER_EXTENSION = app;
			};
			name = Release;
		};
		63ED9056145F2C62009FD1BF /* Debug */ = {
			isa = XCBuildConfiguration;
			buildSettings = {
				BUNDLE_LOADER = "$(BUILT_PRODUCTS_DIR)/PushTest.app/PushTest";
				FRAMEWORK_SEARCH_PATHS = (
					"$(SDKROOT)/Developer/Library/Frameworks",
					"$(DEVELOPER_LIBRARY_DIR)/Frameworks",
				);
				GCC_PRECOMPILE_PREFIX_HEADER = YES;
				GCC_PREFIX_HEADER = "PushTest/PushTest-Prefix.pch";
				INFOPLIST_FILE = "PushTestTests/PushTestTests-Info.plist";
				PRODUCT_NAME = "$(TARGET_NAME)";
				TEST_HOST = "$(BUNDLE_LOADER)";
				WRAPPER_EXTENSION = octest;
			};
			name = Debug;
		};
		63ED9057145F2C62009FD1BF /* Release */ = {
			isa = XCBuildConfiguration;
			buildSettings = {
				BUNDLE_LOADER = "$(BUILT_PRODUCTS_DIR)/PushTest.app/PushTest";
				FRAMEWORK_SEARCH_PATHS = (
					"$(SDKROOT)/Developer/Library/Frameworks",
					"$(DEVELOPER_LIBRARY_DIR)/Frameworks",
				);
				GCC_PRECOMPILE_PREFIX_HEADER = YES;
				GCC_PREFIX_HEADER = "PushTest/PushTest-Prefix.pch";
				INFOPLIST_FILE = "PushTestTests/PushTestTests-Info.plist";
				PRODUCT_NAME = "$(TARGET_NAME)";
				TEST_HOST = "$(BUNDLE_LOADER)";
				WRAPPER_EXTENSION = octest;
			};
			name = Release;
		};
/* End XCBuildConfiguration section */

/* Begin XCConfigurationList section */
		63ED9010145F2C61009FD1BF /* Build configuration list for PBXProject "PushTest" */ = {
			isa = XCConfigurationList;
			buildConfigurations = (
				63ED9050145F2C62009FD1BF /* Debug */,
				63ED9051145F2C62009FD1BF /* Release */,
			);
			defaultConfigurationIsVisible = 0;
			defaultConfigurationName = Release;
		};
		63ED9052145F2C62009FD1BF /* Build configuration list for PBXNativeTarget "PushTest" */ = {
			isa = XCConfigurationList;
			buildConfigurations = (
				63ED9053145F2C62009FD1BF /* Debug */,
				63ED9054145F2C62009FD1BF /* Release */,
			);
			defaultConfigurationIsVisible = 0;
		};
		63ED9055145F2C62009FD1BF /* Build configuration list for PBXNativeTarget "PushTestTests" */ = {
			isa = XCConfigurationList;
			buildConfigurations = (
				63ED9056145F2C62009FD1BF /* Debug */,
				63ED9057145F2C62009FD1BF /* Release */,
			);
			defaultConfigurationIsVisible = 0;
		};
/* End XCConfigurationList section */

/* Begin XCVersionGroup section */
		63ED9031145F2C62009FD1BF /* PushTest.xcdatamodeld */ = {
			isa = XCVersionGroup;
			children = (
				63ED9032145F2C62009FD1BF /* PushTest.xcdatamodel */,
			);
			currentVersion = 63ED9032145F2C62009FD1BF /* PushTest.xcdatamodel */;
			path = PushTest.xcdatamodeld;
			sourceTree = "<group>";
			versionGroupType = wrapper.xcdatamodel;
		};
/* End XCVersionGroup section */
	};
	rootObject = 63ED900D145F2C61009FD1BF /* Project object */;
}
